# This file was autogenerated by uv via the following command:
#    uv pip compile requirements.txt -o requirements.lock --python .venv/bin/python
aiohappyeyeballs==2.7.1
    # via aiohttp
aiohttp==3.14.3
    # via kubernetes
aiosignal==1.4.0
    # via aiohttp
alembic==1.19.1
    # via dagster
annotated-doc==0.0.5
    # via
    #   fastapi
    #   typer
annotated-types==0.8.0
    # via pydantic
antlr4-python3-runtime==4.13.2
    # via dagster
anyio==4.15.0
    # via
    #   google-genai
    #   gql
    #   gradio
    #   groq
    #   httpx
    #   httpx2
    #   langsmith
    #   openai
    #   starlette
    #   watchfiles
attrs==26.1.0
    # via
    #   aiohttp
    #   jsonschema
    #   referencing
audioop-lts==0.2.2
    # via gradio
backoff==2.2.1
    # via gql
bcrypt==5.0.0
    # via chromadb
beautifulsoup4==4.14.3
    # via -r requirements.txt
brotli==1.2.0
    # via gradio
build==1.6.0
    # via chromadb
certifi==2026.7.22
    # via
    #   httpcore
    #   httpx
    #   kubernetes
    #   requests
cffi==2.1.1
    # via
    #   cryptography
    #   miniaudio
    #   sounddevice
charset-normalizer==3.5.1
    # via requests
chromadb==1.5.9
    # via
    #   -r requirements.txt
    #   langchain-chroma
click==8.5.0
    # via
    #   dagster
    #   dagster-webserver
    #   huggingface-hub
    #   uvicorn
cloudpickle==3.1.2
    # via joblib
cloudscraper==1.2.71
    # via -r requirements.txt
coloredlogs==14.0
    # via dagster
cryptography==50.0.1
    # via google-auth
dagster==1.13.6
    # via
    #   -r requirements.txt
    #   dagster-graphql
    #   dagster-webserver
dagster-graphql==1.13.6
    # via dagster-webserver
dagster-pipes==1.13.6
    # via dagster
dagster-shared==1.13.6
    # via dagster
dagster-webserver==1.13.6
    # via -r requirements.txt
distro==1.9.0
    # via
    #   google-genai
    #   groq
    #   langsmith
    #   openai
docstring-parser==0.18.0
    # via dagster
durationpy==0.11
    # via kubernetes
ebooklib==0.20
    # via -r requirements.txt
fastapi==0.141.1
    # via
    #   gradio
    #   mlx-vlm
filelock==3.32.5
    # via
    #   dagster
    #   huggingface-hub
    #   torch
filetype==1.2.0
    # via langchain-google-genai
flatbuffers==25.12.19
    # via onnxruntime
frozenlist==1.8.0
    # via
    #   aiohttp
    #   aiosignal
fsspec==2026.7.0
    # via
    #   gradio-client
    #   huggingface-hub
    #   torch
    #   universal-pathlib
google-auth==2.57.0
    # via google-genai
google-genai==1.75.0
    # via langchain-google-genai
googleapis-common-protos==1.75.2
    # via opentelemetry-exporter-otlp-proto-grpc
gql==4.0.0
    # via dagster-graphql
gradio==6.16.0
    # via -r requirements.txt
gradio-client==2.5.0
    # via
    #   gradio
    #   hf-gradio
graphene==3.4.3
    # via dagster-graphql
graphql-core==3.2.12
    # via
    #   gql
    #   graphene
    #   graphql-relay
graphql-relay==3.2.0
    # via graphene
groovy==0.1.2
    # via gradio
groq==0.37.1
    # via langchain-groq
grpcio==1.83.1
    # via
    #   chromadb
    #   dagster
    #   grpcio-health-checking
    #   opentelemetry-exporter-otlp-proto-grpc
grpcio-health-checking==1.81.1
    # via dagster
h11==0.16.0
    # via
    #   httpcore
    #   httpcore2
    #   uvicorn
hf-gradio==0.4.1
    # via gradio
hf-xet==1.6.0
    # via huggingface-hub
httpcore==1.0.9
    # via httpx
httpcore2==2.12.0
    # via httpx2
httptools==0.8.0
    # via uvicorn
httpx==0.28.1
    # via
    #   chromadb
    #   google-genai
    #   gradio
    #   gradio-client
    #   groq
    #   huggingface-hub
    #   langchain-core
    #   langgraph-sdk
    #   ollama
    #   openai
    #   safehttpx
httpx2==2.12.0
    # via langsmith
huggingface-hub==1.29.0
    # via
    #   gradio
    #   gradio-client
    #   mlx-audio
    #   mlx-embeddings
    #   sentence-transformers
    #   tokenizers
    #   transformers
humanfriendly==10.0
    # via coloredlogs
idna==3.19
    # via
    #   anyio
    #   httpx
    #   httpx2
    #   requests
    #   yarl
importlib-resources==7.1.0
    # via chromadb
iniconfig==2.3.0
    # via pytest
jinja2==3.1.6
    # via
    #   dagster
    #   gradio
    #   mlx-lm
    #   torch
jiter==0.16.0
    # via openai
joblib==1.6.0
    # via scikit-learn
jsonpatch==1.33
    # via langchain-core
jsonpointer==3.1.1
    # via jsonpatch
jsonschema==4.26.0
    # via chromadb
jsonschema-specifications==2025.9.1
    # via jsonschema
kubernetes==36.0.3
    # via chromadb
langchain==1.3.9
    # via -r requirements.txt
langchain-chroma==1.1.0
    # via -r requirements.txt
langchain-core==1.6.1
    # via
    #   langchain
    #   langchain-chroma
    #   langchain-google-genai
    #   langchain-groq
    #   langchain-ollama
    #   langchain-openai
    #   langchain-text-splitters
    #   langgraph
    #   langgraph-checkpoint
    #   langgraph-prebuilt
    #   langgraph-sdk
langchain-google-genai==4.2.3
    # via -r requirements.txt
langchain-groq==1.1.2
    # via -r requirements.txt
langchain-ollama==1.1.0
    # via -r requirements.txt
langchain-openai==1.3.0
    # via -r requirements.txt
langchain-protocol==0.0.19
    # via
    #   langchain-core
    #   langgraph-sdk
langchain-text-splitters==1.1.2
    # via -r requirements.txt
langgraph==1.2.9
    # via
    #   -r requirements.txt
    #   langchain
langgraph-checkpoint==4.2.0
    # via
    #   langgraph
    #   langgraph-prebuilt
langgraph-prebuilt==1.1.0
    # via langgraph
langgraph-sdk==0.4.4
    # via langgraph
langsmith==0.12.1
    # via langchain-core
llguidance==1.8.0
    # via mlx-vlm
lxml==6.1.3
    # via
    #   ebooklib
    #   python-docx
    #   python-pptx
mako==1.4.1
    # via alembic
markdown-it-py==4.2.0
    # via rich
markupsafe==3.0.3
    # via
    #   gradio
    #   jinja2
    #   mako
mdurl==0.1.2
    # via markdown-it-py
miniaudio==1.71
    # via
    #   mlx-audio
    #   mlx-vlm
mlx==0.32.2
    # via
    #   mlx-audio
    #   mlx-embeddings
    #   mlx-lm
    #   mlx-vlm
mlx-audio==0.5.1
    # via mlx-vlm
mlx-embeddings==0.1.0
    # via -r requirements.txt
mlx-lm==0.31.3
    # via -r requirements.txt
mlx-metal==0.32.2
    # via mlx
mlx-vlm==0.6.17
    # via mlx-embeddings
mmh3==5.3.0
    # via chromadb
mpmath==1.3.0
    # via sympy
multidict==6.7.1
    # via
    #   aiohttp
    #   yarl
narwhals==2.25.0
    # via
    #   plotly
    #   scikit-learn
networkx==3.6.1
    # via torch
numpy==2.5.2
    # via
    #   chromadb
    #   gradio
    #   langchain-chroma
    #   mlx-audio
    #   mlx-lm
    #   mlx-vlm
    #   onnxruntime
    #   opencv-python
    #   pandas
    #   scikit-learn
    #   scipy
    #   sentence-transformers
    #   transformers
oauthlib==3.3.1
    # via requests-oauthlib
ollama==0.6.2
    # via langchain-ollama
onnxruntime==1.29.0
    # via chromadb
openai==2.54.0
    # via langchain-openai
opencv-python==5.0.0.93
    # via mlx-vlm
opentelemetry-api==1.44.0
    # via
    #   chromadb
    #   opentelemetry-exporter-otlp-proto-grpc
    #   opentelemetry-sdk
    #   opentelemetry-semantic-conventions
opentelemetry-exporter-otlp-proto-common==1.44.0
    # via opentelemetry-exporter-otlp-proto-grpc
opentelemetry-exporter-otlp-proto-grpc==1.44.0
    # via chromadb
opentelemetry-proto==1.44.0
    # via
    #   opentelemetry-exporter-otlp-proto-common
    #   opentelemetry-exporter-otlp-proto-grpc
opentelemetry-sdk==1.44.0
    # via
    #   chromadb
    #   opentelemetry-exporter-otlp-proto-grpc
opentelemetry-semantic-conventions==0.65b0
    # via opentelemetry-sdk
orjson==3.12.0
    # via
    #   chromadb
    #   gradio
    #   langgraph-sdk
    #   langsmith
ormsgpack==1.12.2
    # via langgraph-checkpoint
overrides==7.7.0
    # via chromadb
packaging==26.3
    # via
    #   build
    #   dagster-shared
    #   gradio
    #   gradio-client
    #   huggingface-hub
    #   langchain-core
    #   langsmith
    #   onnxruntime
    #   plotly
    #   pytest
    #   transformers
pandas==3.0.5
    # via gradio
pathlib-abc==0.5.2
    # via universal-pathlib
pillow==12.3.0
    # via
    #   gradio
    #   mlx-vlm
    #   python-pptx
platformdirs==4.11.7
    # via dagster-shared
plotly==6.7.0
    # via -r requirements.txt
pluggy==1.6.0
    # via pytest
propcache==0.5.2
    # via
    #   aiohttp
    #   yarl
protobuf==6.33.6
    # via
    #   dagster
    #   googleapis-common-protos
    #   grpcio-health-checking
    #   mlx-lm
    #   onnxruntime
    #   opentelemetry-proto
    #   transformers
pyasn1==0.6.4
    # via pyasn1-modules
pyasn1-modules==0.4.2
    # via google-auth
pybase64==1.5.0
    # via chromadb
pycparser==3.0
    # via cffi
pydantic==2.13.5
    # via
    #   chromadb
    #   dagster-shared
    #   fastapi
    #   google-genai
    #   gradio
    #   groq
    #   langchain
    #   langchain-core
    #   langchain-google-genai
    #   langgraph
    #   langsmith
    #   ollama
    #   openai
    #   pydantic-settings
pydantic-core==2.46.5
    # via pydantic
pydantic-settings==2.15.0
    # via chromadb
pydub==0.25.1
    # via gradio
pygments==2.21.0
    # via
    #   pytest
    #   rich
pymupdf==1.27.2.3
    # via -r requirements.txt
pyparsing==3.3.2
    # via cloudscraper
pypika==0.51.1
    # via chromadb
pyproject-hooks==1.2.0
    # via build
pytest==9.1.1
    # via -r requirements.txt
python-dateutil==2.9.0.post0
    # via
    #   graphene
    #   kubernetes
    #   pandas
python-docx==1.2.0
    # via -r requirements.txt
python-dotenv==1.2.2
    # via
    #   -r requirements.txt
    #   dagster
    #   pydantic-settings
    #   uvicorn
python-multipart==0.0.32
    # via
    #   gradio
    #   mlx-vlm
python-pptx==1.0.2
    # via -r requirements.txt
pytz==2026.3.post1
    # via
    #   dagster
    #   gradio
pyyaml==6.0.3
    # via
    #   chromadb
    #   dagster-shared
    #   gradio
    #   huggingface-hub
    #   kubernetes
    #   langchain-core
    #   mlx-lm
    #   transformers
    #   uvicorn
referencing==0.37.0
    # via
    #   jsonschema
    #   jsonschema-specifications
regex==2026.9.3
    # via
    #   tiktoken
    #   transformers
requests==2.34.2
    # via
    #   cloudscraper
    #   dagster
    #   dagster-graphql
    #   google-auth
    #   google-genai
    #   gql
    #   kubernetes
    #   langsmith
    #   mlx-vlm
    #   requests-oauthlib
    #   requests-toolbelt
    #   tiktoken
requests-oauthlib==2.0.0
    # via kubernetes
requests-toolbelt==1.0.0
    # via
    #   cloudscraper
    #   gql
    #   langsmith
rich==15.0.0
    # via
    #   chromadb
    #   dagster
    #   typer
rpds-py==2026.6.3
    # via
    #   jsonschema
    #   referencing
safehttpx==0.1.7
    # via gradio
safetensors==0.8.0
    # via transformers
scikit-learn==1.9.0
    # via sentence-transformers
scipy==1.18.1
    # via
    #   mlx-audio
    #   scikit-learn
    #   sentence-transformers
semantic-version==2.10.0
    # via gradio
sentence-transformers==5.5.1
    # via -r requirements.txt
sentencepiece==0.2.2
    # via
    #   mlx-lm
    #   mlx-vlm
    #   transformers
setuptools==84.0.0
    # via torch
shellingham==1.5.4
    # via typer
six==1.17.0
    # via
    #   dagster
    #   ebooklib
    #   kubernetes
    #   python-dateutil
sniffio==1.3.1
    # via
    #   google-genai
    #   groq
    #   langsmith
    #   openai
sounddevice==0.5.6
    # via mlx-audio
soupsieve==2.9.2
    # via beautifulsoup4
sqlalchemy==2.0.52
    # via
    #   alembic
    #   dagster
starlette==1.6.0
    # via
    #   dagster-graphql
    #   dagster-webserver
    #   fastapi
    #   gradio
    #   mlx-vlm
structlog==26.1.0
    # via dagster
sympy==1.14.0
    # via torch
tabulate==0.10.0
    # via dagster
tenacity==9.1.4
    # via
    #   chromadb
    #   google-genai
    #   langchain-core
threadpoolctl==3.6.0
    # via scikit-learn
tiktoken==0.14.0
    # via langchain-openai
tokenizers==0.23.1
    # via
    #   chromadb
    #   transformers
tomli==2.4.1
    # via dagster
tomlkit==0.14.0
    # via
    #   dagster-shared
    #   gradio
toposort==1.10
    # via dagster
torch==2.14.0
    # via
    #   -r requirements.txt
    #   sentence-transformers
tqdm==4.70.0
    # via
    #   chromadb
    #   dagster
    #   huggingface-hub
    #   mlx-audio
    #   mlx-vlm
    #   openai
    #   sentence-transformers
    #   transformers
transformers==5.16.1
    # via
    #   mlx-audio
    #   mlx-embeddings
    #   mlx-lm
    #   mlx-vlm
    #   sentence-transformers
truststore==0.10.4
    # via
    #   httpcore2
    #   httpx2
typer==0.27.2
    # via
    #   chromadb
    #   gradio
    #   hf-gradio
    #   transformers
typing-extensions==4.16.0
    # via
    #   alembic
    #   anyio
    #   beautifulsoup4
    #   chromadb
    #   dagster-shared
    #   fastapi
    #   google-genai
    #   gradio
    #   gradio-client
    #   graphene
    #   groq
    #   grpcio
    #   huggingface-hub
    #   langchain-core
    #   langchain-protocol
    #   langsmith
    #   openai
    #   opentelemetry-api
    #   opentelemetry-exporter-otlp-proto-grpc
    #   opentelemetry-sdk
    #   opentelemetry-semantic-conventions
    #   pydantic
    #   pydantic-core
    #   python-docx
    #   python-pptx
    #   sentence-transformers
    #   sqlalchemy
    #   torch
    #   typing-inspection
typing-inspection==0.4.4
    # via
    #   fastapi
    #   pydantic
    #   pydantic-settings
tzdata==2026.3
    # via dagster
universal-pathlib==0.3.10
    # via dagster
urllib3==2.7.0
    # via
    #   kubernetes
    #   requests
uuid-utils==0.17.0
    # via
    #   langchain-core
    #   langsmith
uvicorn==0.52.4
    # via
    #   chromadb
    #   dagster-webserver
    #   gradio
    #   mlx-vlm
uvloop==0.22.1
    # via uvicorn
watchdog==6.0.0
    # via dagster
watchfiles==1.2.0
    # via uvicorn
websocket-client==1.9.2
    # via kubernetes
websockets==16.1.1
    # via
    #   google-genai
    #   langgraph-sdk
    #   langsmith
    #   mlx-vlm
    #   uvicorn
xlsxwriter==3.2.9
    # via python-pptx
xxhash==4.0.1
    # via
    #   langgraph
    #   langsmith
yarl==1.24.5
    # via
    #   aiohttp
    #   gql
zstandard==0.25.0
    # via langsmith
